
Microsoft Visual Studio Solution File, Format Version 12.00
# Visual Studio 15
VisualStudioVersion = 15.0.26730.16
MinimumVisualStudioVersion = 10.0.40219.1
Project("{FAE04EC0-301F-11D3-BF4B-00C04F79EFBC}") = "MEGA", "MEGA\MEGA.csproj", "{9FCCA5B9-1062-4D97-8227-6756086431D2}"
EndProject
Project("{FAE04EC0-301F-11D3-BF4B-00C04F79EFBC}") = "ClassLibrary1", "ClassLibrary1\ClassLibrary1.csproj", "{4B159BDF-8B34-4240-9B60-EB0D26750D4C}"
EndProject
Project("{FAE04EC0-301F-11D3-BF4B-00C04F79EFBC}") = "MEGAclassTests", "MEGAclassTests\MEGAclassTests.csproj", "{C42B64A1-38CF-4165-AF76-09BB1448B48E}"
EndProject
Global
	GlobalSection(SolutionConfigurationPlatforms) = preSolution
		Debug|Any CPU = Debug|Any CPU
		Release|Any CPU = Release|Any CPU
	EndGlobalSection
	GlobalSection(ProjectConfigurationPlatforms) = postSolution
		{9FCCA5B9-1062-4D97-8227-6756086431D2}.Debug|Any CPU.ActiveCfg = Debug|Any CPU
		{9FCCA5B9-1062-4D97-8227-6756086431D2}.Debug|Any CPU.Build.0 = Debug|Any CPU
		{9FCCA5B9-1062-4D97-8227-6756086431D2}.Release|Any CPU.ActiveCfg = Release|Any CPU
		{9FCCA5B9-1062-4D97-8227-6756086431D2}.Release|Any CPU.Build.0 = Release|Any CPU
		{4B159BDF-8B34-4240-9B60-EB0D26750D4C}.Debug|Any CPU.ActiveCfg = Debug|Any CPU
		{4B159BDF-8B34-4240-9B60-EB0D26750D4C}.Debug|Any CPU.Build.0 = Debug|Any CPU
		{4B159BDF-8B34-4240-9B60-EB0D26750D4C}.Release|Any CPU.ActiveCfg = Release|Any CPU
		{4B159BDF-8B34-4240-9B60-EB0D26750D4C}.Release|Any CPU.Build.0 = Release|Any CPU
		{C42B64A1-38CF-4165-AF76-09BB1448B48E}.Debug|Any CPU.ActiveCfg = Debug|Any CPU
		{C42B64A1-38CF-4165-AF76-09BB1448B48E}.Debug|Any CPU.Build.0 = Debug|Any CPU
		{C42B64A1-38CF-4165-AF76-09BB1448B48E}.Release|Any CPU.ActiveCfg = Release|Any CPU
		{C42B64A1-38CF-4165-AF76-09BB1448B48E}.Release|Any CPU.Build.0 = Release|Any CPU
	EndGlobalSection
	GlobalSection(SolutionProperties) = preSolution
		HideSolutionNode = FALSE
	EndGlobalSection
	GlobalSection(ExtensibilityGlobals) = postSolution
		SolutionGuid = {FF1F6F8D-3E67-436E-BA52-B13A7A7E64CE}
	EndGlobalSection
EndGlobal
